
Microsoft Visual Studio Solution File, Format Version 12.00
# Visual Studio 15
VisualStudioVersion = 15.0.27428.1
MinimumVisualStudioVersion = 10.0.40219.1
Project("{FAE04EC0-301F-11D3-BF4B-00C04F79EFBC}") = "WorkshopScheduler", "WorkshopScheduler\WorkshopScheduler.csproj", "{9E982C42-B5AA-43DE-9991-3111EB165F04}"
EndProject
Project("{FAE04EC0-301F-11D3-BF4B-00C04F79EFBC}") = "WorkshopScheduler.iOS", "iOS\WorkshopScheduler.iOS.csproj", "{2A6571B8-EE8F-45CC-84A3-1F40EE53153F}"
EndProject
Project("{FAE04EC0-301F-11D3-BF4B-00C04F79EFBC}") = "WorkshopScheduler.Droid", "Droid\WorkshopScheduler.Droid.csproj", "{C6C9E32A-4A63-432F-9D9D-08853BA0653F}"
EndProject
Project("{FAE04EC0-301F-11D3-BF4B-00C04F79EFBC}") = "WorkshopScheduler.UITests", "UITests\WorkshopScheduler.UITests.csproj", "{6903E2CE-8D0A-4186-8338-888BEF9A56A4}"
EndProject
Project("{FAE04EC0-301F-11D3-BF4B-00C04F79EFBC}") = "Tests", "Tests\Tests.csproj", "{86338F5E-EE05-49E0-A400-1760F1AE44F4}"
EndProject
Global
	GlobalSection(SolutionConfigurationPlatforms) = preSolution
		Debug|Any CPU = Debug|Any CPU
		Debug|iPhone = Debug|iPhone
		Debug|iPhoneSimulator = Debug|iPhoneSimulator
		Local|Any CPU = Local|Any CPU
		Local|iPhone = Local|iPhone
		Local|iPhoneSimulator = Local|iPhoneSimulator
		Release|Any CPU = Release|Any CPU
		Release|iPhone = Release|iPhone
		Release|iPhoneSimulator = Release|iPhoneSimulator
	EndGlobalSection
	GlobalSection(ProjectConfigurationPlatforms) = postSolution
		{9E982C42-B5AA-43DE-9991-3111EB165F04}.Debug|Any CPU.ActiveCfg = Debug|Any CPU
		{9E982C42-B5AA-43DE-9991-3111EB165F04}.Debug|Any CPU.Build.0 = Debug|Any CPU
		{9E982C42-B5AA-43DE-9991-3111EB165F04}.Debug|iPhone.ActiveCfg = Debug|Any CPU
		{9E982C42-B5AA-43DE-9991-3111EB165F04}.Debug|iPhone.Build.0 = Debug|Any CPU
		{9E982C42-B5AA-43DE-9991-3111EB165F04}.Debug|iPhoneSimulator.ActiveCfg = Debug|Any CPU
		{9E982C42-B5AA-43DE-9991-3111EB165F04}.Debug|iPhoneSimulator.Build.0 = Debug|Any CPU
		{9E982C42-B5AA-43DE-9991-3111EB165F04}.Local|Any CPU.ActiveCfg = Local|Any CPU
		{9E982C42-B5AA-43DE-9991-3111EB165F04}.Local|Any CPU.Build.0 = Local|Any CPU
		{9E982C42-B5AA-43DE-9991-3111EB165F04}.Local|iPhone.ActiveCfg = Local|Any CPU
		{9E982C42-B5AA-43DE-9991-3111EB165F04}.Local|iPhone.Build.0 = Local|Any CPU
		{9E982C42-B5AA-43DE-9991-3111EB165F04}.Local|iPhoneSimulator.ActiveCfg = Local|Any CPU
		{9E982C42-B5AA-43DE-9991-3111EB165F04}.Local|iPhoneSimulator.Build.0 = Local|Any CPU
		{9E982C42-B5AA-43DE-9991-3111EB165F04}.Release|Any CPU.ActiveCfg = Release|Any CPU
		{9E982C42-B5AA-43DE-9991-3111EB165F04}.Release|Any CPU.Build.0 = Release|Any CPU
		{9E982C42-B5AA-43DE-9991-3111EB165F04}.Release|iPhone.ActiveCfg = Release|Any CPU
		{9E982C42-B5AA-43DE-9991-3111EB165F04}.Release|iPhone.Build.0 = Release|Any CPU
		{9E982C42-B5AA-43DE-9991-3111EB165F04}.Release|iPhoneSimulator.ActiveCfg = Release|Any CPU
		{9E982C42-B5AA-43DE-9991-3111EB165F04}.Release|iPhoneSimulator.Build.0 = Release|Any CPU
		{2A6571B8-EE8F-45CC-84A3-1F40EE53153F}.Debug|Any CPU.ActiveCfg = Debug|iPhoneSimulator
		{2A6571B8-EE8F-45CC-84A3-1F40EE53153F}.Debug|Any CPU.Build.0 = Debug|iPhoneSimulator
		{2A6571B8-EE8F-45CC-84A3-1F40EE53153F}.Debug|iPhone.ActiveCfg = Debug|iPhone
		{2A6571B8-EE8F-45CC-84A3-1F40EE53153F}.Debug|iPhone.Build.0 = Debug|iPhone
		{2A6571B8-EE8F-45CC-84A3-1F40EE53153F}.Debug|iPhoneSimulator.ActiveCfg = Debug|iPhoneSimulator
		{2A6571B8-EE8F-45CC-84A3-1F40EE53153F}.Debug|iPhoneSimulator.Build.0 = Debug|iPhoneSimulator
		{2A6571B8-EE8F-45CC-84A3-1F40EE53153F}.Local|Any CPU.ActiveCfg = Local|iPhone
		{2A6571B8-EE8F-45CC-84A3-1F40EE53153F}.Local|iPhone.ActiveCfg = Local|iPhone
		{2A6571B8-EE8F-45CC-84A3-1F40EE53153F}.Local|iPhone.Build.0 = Local|iPhone
		{2A6571B8-EE8F-45CC-84A3-1F40EE53153F}.Local|iPhoneSimulator.ActiveCfg = Local|iPhoneSimulator
		{2A6571B8-EE8F-45CC-84A3-1F40EE53153F}.Local|iPhoneSimulator.Build.0 = Local|iPhoneSimulator
		{2A6571B8-EE8F-45CC-84A3-1F40EE53153F}.Release|Any CPU.ActiveCfg = Release|iPhone
		{2A6571B8-EE8F-45CC-84A3-1F40EE53153F}.Release|Any CPU.Build.0 = Release|iPhone
		{2A6571B8-EE8F-45CC-84A3-1F40EE53153F}.Release|iPhone.ActiveCfg = Release|iPhone
		{2A6571B8-EE8F-45CC-84A3-1F40EE53153F}.Release|iPhone.Build.0 = Release|iPhone
		{2A6571B8-EE8F-45CC-84A3-1F40EE53153F}.Release|iPhoneSimulator.ActiveCfg = Release|iPhoneSimulator
		{2A6571B8-EE8F-45CC-84A3-1F40EE53153F}.Release|iPhoneSimulator.Build.0 = Release|iPhoneSimulator
		{C6C9E32A-4A63-432F-9D9D-08853BA0653F}.Debug|Any CPU.ActiveCfg = Debug|Any CPU
		{C6C9E32A-4A63-432F-9D9D-08853BA0653F}.Debug|Any CPU.Build.0 = Debug|Any CPU
		{C6C9E32A-4A63-432F-9D9D-08853BA0653F}.Debug|Any CPU.Deploy.0 = Debug|Any CPU
		{C6C9E32A-4A63-432F-9D9D-08853BA0653F}.Debug|iPhone.ActiveCfg = Debug|Any CPU
		{C6C9E32A-4A63-432F-9D9D-08853BA0653F}.Debug|iPhone.Build.0 = Debug|Any CPU
		{C6C9E32A-4A63-432F-9D9D-08853BA0653F}.Debug|iPhoneSimulator.ActiveCfg = Debug|Any CPU
		{C6C9E32A-4A63-432F-9D9D-08853BA0653F}.Debug|iPhoneSimulator.Build.0 = Debug|Any CPU
		{C6C9E32A-4A63-432F-9D9D-08853BA0653F}.Local|Any CPU.ActiveCfg = Local|Any CPU
		{C6C9E32A-4A63-432F-9D9D-08853BA0653F}.Local|Any CPU.Build.0 = Local|Any CPU
		{C6C9E32A-4A63-432F-9D9D-08853BA0653F}.Local|Any CPU.Deploy.0 = Local|Any CPU
		{C6C9E32A-4A63-432F-9D9D-08853BA0653F}.Local|iPhone.ActiveCfg = Local|Any CPU
		{C6C9E32A-4A63-432F-9D9D-08853BA0653F}.Local|iPhone.Build.0 = Local|Any CPU
		{C6C9E32A-4A63-432F-9D9D-08853BA0653F}.Local|iPhone.Deploy.0 = Local|Any CPU
		{C6C9E32A-4A63-432F-9D9D-08853BA0653F}.Local|iPhoneSimulator.ActiveCfg = Local|Any CPU
		{C6C9E32A-4A63-432F-9D9D-08853BA0653F}.Local|iPhoneSimulator.Build.0 = Local|Any CPU
		{C6C9E32A-4A63-432F-9D9D-08853BA0653F}.Local|iPhoneSimulator.Deploy.0 = Local|Any CPU
		{C6C9E32A-4A63-432F-9D9D-08853BA0653F}.Release|Any CPU.ActiveCfg = Release|Any CPU
		{C6C9E32A-4A63-432F-9D9D-08853BA0653F}.Release|Any CPU.Build.0 = Release|Any CPU
		{C6C9E32A-4A63-432F-9D9D-08853BA0653F}.Release|iPhone.ActiveCfg = Release|Any CPU
		{C6C9E32A-4A63-432F-9D9D-08853BA0653F}.Release|iPhone.Build.0 = Release|Any CPU
		{C6C9E32A-4A63-432F-9D9D-08853BA0653F}.Release|iPhoneSimulator.ActiveCfg = Release|Any CPU
		{C6C9E32A-4A63-432F-9D9D-08853BA0653F}.Release|iPhoneSimulator.Build.0 = Release|Any CPU
		{6903E2CE-8D0A-4186-8338-888BEF9A56A4}.Debug|Any CPU.ActiveCfg = Debug|Any CPU
		{6903E2CE-8D0A-4186-8338-888BEF9A56A4}.Debug|Any CPU.Build.0 = Debug|Any CPU
		{6903E2CE-8D0A-4186-8338-888BEF9A56A4}.Debug|iPhone.ActiveCfg = Debug|Any CPU
		{6903E2CE-8D0A-4186-8338-888BEF9A56A4}.Debug|iPhone.Build.0 = Debug|Any CPU
		{6903E2CE-8D0A-4186-8338-888BEF9A56A4}.Debug|iPhoneSimulator.ActiveCfg = Debug|Any CPU
		{6903E2CE-8D0A-4186-8338-888BEF9A56A4}.Debug|iPhoneSimulator.Build.0 = Debug|Any CPU
		{6903E2CE-8D0A-4186-8338-888BEF9A56A4}.Local|Any CPU.ActiveCfg = Local|Any CPU
		{6903E2CE-8D0A-4186-8338-888BEF9A56A4}.Local|Any CPU.Build.0 = Local|Any CPU
		{6903E2CE-8D0A-4186-8338-888BEF9A56A4}.Local|iPhone.ActiveCfg = Local|Any CPU
		{6903E2CE-8D0A-4186-8338-888BEF9A56A4}.Local|iPhone.Build.0 = Local|Any CPU
		{6903E2CE-8D0A-4186-8338-888BEF9A56A4}.Local|iPhoneSimulator.ActiveCfg = Local|Any CPU
		{6903E2CE-8D0A-4186-8338-888BEF9A56A4}.Local|iPhoneSimulator.Build.0 = Local|Any CPU
		{6903E2CE-8D0A-4186-8338-888BEF9A56A4}.Release|Any CPU.ActiveCfg = Release|Any CPU
		{6903E2CE-8D0A-4186-8338-888BEF9A56A4}.Release|Any CPU.Build.0 = Release|Any CPU
		{6903E2CE-8D0A-4186-8338-888BEF9A56A4}.Release|iPhone.ActiveCfg = Release|Any CPU
		{6903E2CE-8D0A-4186-8338-888BEF9A56A4}.Release|iPhone.Build.0 = Release|Any CPU
		{6903E2CE-8D0A-4186-8338-888BEF9A56A4}.Release|iPhoneSimulator.ActiveCfg = Release|Any CPU
		{6903E2CE-8D0A-4186-8338-888BEF9A56A4}.Release|iPhoneSimulator.Build.0 = Release|Any CPU
		{86338F5E-EE05-49E0-A400-1760F1AE44F4}.Debug|Any CPU.ActiveCfg = Debug|Any CPU
		{86338F5E-EE05-49E0-A400-1760F1AE44F4}.Debug|Any CPU.Build.0 = Debug|Any CPU
		{86338F5E-EE05-49E0-A400-1760F1AE44F4}.Debug|iPhone.ActiveCfg = Debug|Any CPU
		{86338F5E-EE05-49E0-A400-1760F1AE44F4}.Debug|iPhone.Build.0 = Debug|Any CPU
		{86338F5E-EE05-49E0-A400-1760F1AE44F4}.Debug|iPhoneSimulator.ActiveCfg = Debug|Any CPU
		{86338F5E-EE05-49E0-A400-1760F1AE44F4}.Debug|iPhoneSimulator.Build.0 = Debug|Any CPU
		{86338F5E-EE05-49E0-A400-1760F1AE44F4}.Local|Any CPU.ActiveCfg = Local|Any CPU
		{86338F5E-EE05-49E0-A400-1760F1AE44F4}.Local|Any CPU.Build.0 = Local|Any CPU
		{86338F5E-EE05-49E0-A400-1760F1AE44F4}.Local|iPhone.ActiveCfg = Local|Any CPU
		{86338F5E-EE05-49E0-A400-1760F1AE44F4}.Local|iPhone.Build.0 = Local|Any CPU
		{86338F5E-EE05-49E0-A400-1760F1AE44F4}.Local|iPhoneSimulator.ActiveCfg = Local|Any CPU
		{86338F5E-EE05-49E0-A400-1760F1AE44F4}.Local|iPhoneSimulator.Build.0 = Local|Any CPU
		{86338F5E-EE05-49E0-A400-1760F1AE44F4}.Release|Any CPU.ActiveCfg = Release|Any CPU
		{86338F5E-EE05-49E0-A400-1760F1AE44F4}.Release|Any CPU.Build.0 = Release|Any CPU
		{86338F5E-EE05-49E0-A400-1760F1AE44F4}.Release|iPhone.ActiveCfg = Release|Any CPU
		{86338F5E-EE05-49E0-A400-1760F1AE44F4}.Release|iPhone.Build.0 = Release|Any CPU
		{86338F5E-EE05-49E0-A400-1760F1AE44F4}.Release|iPhoneSimulator.ActiveCfg = Release|Any CPU
		{86338F5E-EE05-49E0-A400-1760F1AE44F4}.Release|iPhoneSimulator.Build.0 = Release|Any CPU
	EndGlobalSection
	GlobalSection(SolutionProperties) = preSolution
		HideSolutionNode = FALSE
	EndGlobalSection
	GlobalSection(ExtensibilityGlobals) = postSolution
		SolutionGuid = {9644457F-A967-4667-9207-60C252E19300}
	EndGlobalSection
EndGlobal
